
Microsoft Visual Studio Solution File, Format Version 12.00
# Visual Studio 2013
VisualStudioVersion = 12.0.30723.0
MinimumVisualStudioVersion = 10.0.40219.1
Project("{FAE04EC0-301F-11D3-BF4B-00C04F79EFBC}") = "Consola", "Consola\Consola.csproj", "{DDCDE01B-8230-4C08-9F84-BB1BD1DC63C4}"
	ProjectSection(ProjectDependencies) = postProject
		{B9E84B6E-51DD-46CA-B39E-A44A3E35C668} = {B9E84B6E-51DD-46CA-B39E-A44A3E35C668}
	EndProjectSection
EndProject
Project("{FAE04EC0-301F-11D3-BF4B-00C04F79EFBC}") = "DCServicio", "DCServicio\DCServicio.csproj", "{B9E84B6E-51DD-46CA-B39E-A44A3E35C668}"
EndProject
Project("{FAE04EC0-301F-11D3-BF4B-00C04F79EFBC}") = "DCModelo", "DCModelo\DCModelo.csproj", "{B5248026-6029-45BE-A10C-7FAEACDA49AF}"
EndProject
Project("{FAE04EC0-301F-11D3-BF4B-00C04F79EFBC}") = "DCAddIn", "DCAddIn\DCAddIn.csproj", "{F8750594-1D61-4CBD-A23F-6441977B366C}"
	ProjectSection(ProjectDependencies) = postProject
		{B9E84B6E-51DD-46CA-B39E-A44A3E35C668} = {B9E84B6E-51DD-46CA-B39E-A44A3E35C668}
	EndProjectSection
EndProject
Global
	GlobalSection(SolutionConfigurationPlatforms) = preSolution
		Debug|Any CPU = Debug|Any CPU
		Release|Any CPU = Release|Any CPU
	EndGlobalSection
	GlobalSection(ProjectConfigurationPlatforms) = postSolution
		{DDCDE01B-8230-4C08-9F84-BB1BD1DC63C4}.Debug|Any CPU.ActiveCfg = Debug|Any CPU
		{DDCDE01B-8230-4C08-9F84-BB1BD1DC63C4}.Debug|Any CPU.Build.0 = Debug|Any CPU
		{DDCDE01B-8230-4C08-9F84-BB1BD1DC63C4}.Release|Any CPU.ActiveCfg = Release|Any CPU
		{DDCDE01B-8230-4C08-9F84-BB1BD1DC63C4}.Release|Any CPU.Build.0 = Release|Any CPU
		{B9E84B6E-51DD-46CA-B39E-A44A3E35C668}.Debug|Any CPU.ActiveCfg = Debug|Any CPU
		{B9E84B6E-51DD-46CA-B39E-A44A3E35C668}.Debug|Any CPU.Build.0 = Debug|Any CPU
		{B9E84B6E-51DD-46CA-B39E-A44A3E35C668}.Release|Any CPU.ActiveCfg = Release|Any CPU
		{B9E84B6E-51DD-46CA-B39E-A44A3E35C668}.Release|Any CPU.Build.0 = Release|Any CPU
		{B5248026-6029-45BE-A10C-7FAEACDA49AF}.Debug|Any CPU.ActiveCfg = Debug|Any CPU
		{B5248026-6029-45BE-A10C-7FAEACDA49AF}.Debug|Any CPU.Build.0 = Debug|Any CPU
		{B5248026-6029-45BE-A10C-7FAEACDA49AF}.Release|Any CPU.ActiveCfg = Release|Any CPU
		{B5248026-6029-45BE-A10C-7FAEACDA49AF}.Release|Any CPU.Build.0 = Release|Any CPU
		{F8750594-1D61-4CBD-A23F-6441977B366C}.Debug|Any CPU.ActiveCfg = Debug|Any CPU
		{F8750594-1D61-4CBD-A23F-6441977B366C}.Debug|Any CPU.Build.0 = Debug|Any CPU
		{F8750594-1D61-4CBD-A23F-6441977B366C}.Release|Any CPU.ActiveCfg = Release|Any CPU
		{F8750594-1D61-4CBD-A23F-6441977B366C}.Release|Any CPU.Build.0 = Release|Any CPU
	EndGlobalSection
	GlobalSection(SolutionProperties) = preSolution
		HideSolutionNode = FALSE
	EndGlobalSection
EndGlobal
